
Microsoft Visual Studio Solution File, Format Version 12.00
Project("{FAE04EC0-301F-11D3-BF4B-00C04F79EFBC}") = "BlazorAppExternalWasm", "BlazorAppExternalWasm\BlazorAppExternalWasm.csproj", "{1199299D-8039-4E49-9253-E109DCB1B251}"
EndProject
Global
	GlobalSection(SolutionConfigurationPlatforms) = preSolution
		Debug|Any CPU = Debug|Any CPU
		Release|Any CPU = Release|Any CPU
	EndGlobalSection
	GlobalSection(ProjectConfigurationPlatforms) = postSolution
		{1199299D-8039-4E49-9253-E109DCB1B251}.Debug|Any CPU.ActiveCfg = Debug|Any CPU
		{1199299D-8039-4E49-9253-E109DCB1B251}.Debug|Any CPU.Build.0 = Debug|Any CPU
		{1199299D-8039-4E49-9253-E109DCB1B251}.Release|Any CPU.ActiveCfg = Release|Any CPU
		{1199299D-8039-4E49-9253-E109DCB1B251}.Release|Any CPU.Build.0 = Release|Any CPU
	EndGlobalSection
EndGlobal
